
Microsoft Visual Studio Solution File, Format Version 12.00
Project("{FAE04EC0-301F-11D3-BF4B-00C04F79EFBC}") = "LBPUnion.AgentWashington.Bot", "LBPUnion.AgentWashington.Bot\LBPUnion.AgentWashington.Bot.csproj", "{20957E32-CBC0-4648-AC48-B566AF25BEDE}"
EndProject
Project("{FAE04EC0-301F-11D3-BF4B-00C04F79EFBC}") = "LBPUnion.AgentWashington.Core", "LBPUnion.AgentWashington.Core\LBPUnion.AgentWashington.Core.csproj", "{CB7F04BA-5DF1-4B8F-846F-CDC0226045C6}"
EndProject
Global
	GlobalSection(SolutionConfigurationPlatforms) = preSolution
		Debug|Any CPU = Debug|Any CPU
		Release|Any CPU = Release|Any CPU
	EndGlobalSection
	GlobalSection(ProjectConfigurationPlatforms) = postSolution
		{20957E32-CBC0-4648-AC48-B566AF25BEDE}.Debug|Any CPU.ActiveCfg = Debug|Any CPU
		{20957E32-CBC0-4648-AC48-B566AF25BEDE}.Debug|Any CPU.Build.0 = Debug|Any CPU
		{20957E32-CBC0-4648-AC48-B566AF25BEDE}.Release|Any CPU.ActiveCfg = Release|Any CPU
		{20957E32-CBC0-4648-AC48-B566AF25BEDE}.Release|Any CPU.Build.0 = Release|Any CPU
		{CB7F04BA-5DF1-4B8F-846F-CDC0226045C6}.Debug|Any CPU.ActiveCfg = Debug|Any CPU
		{CB7F04BA-5DF1-4B8F-846F-CDC0226045C6}.Debug|Any CPU.Build.0 = Debug|Any CPU
		{CB7F04BA-5DF1-4B8F-846F-CDC0226045C6}.Release|Any CPU.ActiveCfg = Release|Any CPU
		{CB7F04BA-5DF1-4B8F-846F-CDC0226045C6}.Release|Any CPU.Build.0 = Release|Any CPU
	EndGlobalSection
EndGlobal
